
Microsoft Visual Studio Solution File, Format Version 12.00
# Visual Studio Version 16
VisualStudioVersion = 16.0.30804.86
MinimumVisualStudioVersion = 10.0.40219.1
Project("{888888A0-9F3D-457C-B088-3A5042F75D52}") = "PyTorch_DeepLab-master", "PyTorch_DeepLab-master.pyproj", "{7FB78464-BC6D-47D6-99A6-266A7BCB96A3}"
EndProject
Global
	GlobalSection(SolutionConfigurationPlatforms) = preSolution
		Debug|Any CPU = Debug|Any CPU
		Release|Any CPU = Release|Any CPU
	EndGlobalSection
	GlobalSection(ProjectConfigurationPlatforms) = postSolution
		{7FB78464-BC6D-47D6-99A6-266A7BCB96A3}.Debug|Any CPU.ActiveCfg = Debug|Any CPU
		{7FB78464-BC6D-47D6-99A6-266A7BCB96A3}.Release|Any CPU.ActiveCfg = Release|Any CPU
	EndGlobalSection
	GlobalSection(SolutionProperties) = preSolution
		HideSolutionNode = FALSE
	EndGlobalSection
	GlobalSection(ExtensibilityGlobals) = postSolution
		SolutionGuid = {A27E6476-D942-46BA-B4A3-E469E37337BC}
	EndGlobalSection
EndGlobal
